// !$*UTF8*$!
{
	archiveVersion = 1;
	classes = {
	};
	objectVersion = 50;
	objects = {

/* Begin PBXBuildFile section */
		477CDDF321B80E8500C378E3 /* TableViewCell.swift in Sources */ = {isa = PBXBuildFile; fileRef = 477CDDF221B80E8500C378E3 /* TableViewCell.swift */; };
		4784742221B7879A0066E39E /* AppDelegate.swift in Sources */ = {isa = PBXBuildFile; fileRef = 4784742121B7879A0066E39E /* AppDelegate.swift */; };
		4784742421B7879A0066E39E /* TableViewController.swift in Sources */ = {isa = PBXBuildFile; fileRef = 4784742321B7879A0066E39E /* TableViewController.swift */; };
		4784742721B7879A0066E39E /* Main.storyboard in Resources */ = {isa = PBXBuildFile; fileRef = 4784742521B7879A0066E39E /* Main.storyboard */; };
		4784742921B7879B0066E39E /* Assets.xcassets in Resources */ = {isa = PBXBuildFile; fileRef = 4784742821B7879B0066E39E /* Assets.xcassets */; };
		4784742C21B7879B0066E39E /* LaunchScreen.storyboard in Resources */ = {isa = PBXBuildFile; fileRef = 4784742A21B7879B0066E39E /* LaunchScreen.storyboard */; };
		4784743721B7879B0066E39E /* BoxOfficeAppTests.swift in Sources */ = {isa = PBXBuildFile; fileRef = 4784743621B7879B0066E39E /* BoxOfficeAppTests.swift */; };
		4784744221B7879B0066E39E /* BoxOfficeAppUITests.swift in Sources */ = {isa = PBXBuildFile; fileRef = 4784744121B7879B0066E39E /* BoxOfficeAppUITests.swift */; };
		4784745021B799FE0066E39E /* CollectionViewController.swift in Sources */ = {isa = PBXBuildFile; fileRef = 4784744F21B799FE0066E39E /* CollectionViewController.swift */; };
		47B88AE721BB978F00963FBC /* Movies.swift in Sources */ = {isa = PBXBuildFile; fileRef = 47B88AE621BB978F00963FBC /* Movies.swift */; };
		47B88AEA21BB97AB00963FBC /* MovieEvaluation.swift in Sources */ = {isa = PBXBuildFile; fileRef = 47B88AE921BB97AB00963FBC /* MovieEvaluation.swift */; };
		47B88AEC21BB97D600963FBC /* Movie.swift in Sources */ = {isa = PBXBuildFile; fileRef = 47B88AEB21BB97D600963FBC /* Movie.swift */; };
		47B88AEE21BBA2B600963FBC /* CollectionViewCell.swift in Sources */ = {isa = PBXBuildFile; fileRef = 47B88AED21BBA2B600963FBC /* CollectionViewCell.swift */; };
		47B88AF221BCE91C00963FBC /* SortName.swift in Sources */ = {isa = PBXBuildFile; fileRef = 47B88AF121BCE91C00963FBC /* SortName.swift */; };
/* End PBXBuildFile section */

/* Begin PBXContainerItemProxy section */
		4784743321B7879B0066E39E /* PBXContainerItemProxy */ = {
			isa = PBXContainerItemProxy;
			containerPortal = 4784741621B7879A0066E39E /* Project object */;
			proxyType = 1;
			remoteGlobalIDString = 4784741D21B7879A0066E39E;
			remoteInfo = BoxOfficeApp;
		};
		4784743E21B7879B0066E39E /* PBXContainerItemProxy */ = {
			isa = PBXContainerItemProxy;
			containerPortal = 4784741621B7879A0066E39E /* Project object */;
			proxyType = 1;
			remoteGlobalIDString = 4784741D21B7879A0066E39E;
			remoteInfo = BoxOfficeApp;
		};
/* End PBXContainerItemProxy section */

/* Begin PBXFileReference section */
		477CDDF221B80E8500C378E3 /* TableViewCell.swift */ = {isa = PBXFileReference; lastKnownFileType = sourcecode.swift; path = TableViewCell.swift; sourceTree = "<group>"; };
		4784741E21B7879A0066E39E /* BoxOfficeApp.app */ = {isa = PBXFileReference; explicitFileType = wrapper.application; includeInIndex = 0; path = BoxOfficeApp.app; sourceTree = BUILT_PRODUCTS_DIR; };
		4784742121B7879A0066E39E /* AppDelegate.swift */ = {isa = PBXFileReference; lastKnownFileType = sourcecode.swift; path = AppDelegate.swift; sourceTree = "<group>"; };
		4784742321B7879A0066E39E /* TableViewController.swift */ = {isa = PBXFileReference; lastKnownFileType = sourcecode.swift; path = TableViewController.swift; sourceTree = "<group>"; };
		4784742621B7879A0066E39E /* Base */ = {isa = PBXFileReference; lastKnownFileType = file.storyboard; name = Base; path = Base.lproj/Main.storyboard; sourceTree = "<group>"; };
		4784742821B7879B0066E39E /* Assets.xcassets */ = {isa = PBXFileReference; lastKnownFileType = folder.assetcatalog; path = Assets.xcassets; sourceTree = "<group>"; };
		4784742B21B7879B0066E39E /* Base */ = {isa = PBXFileReference; lastKnownFileType = file.storyboard; name = Base; path = Base.lproj/LaunchScreen.storyboard; sourceTree = "<group>"; };
		4784742D21B7879B0066E39E /* Info.plist */ = {isa = PBXFileReference; lastKnownFileType = text.plist.xml; path = Info.plist; sourceTree = "<group>"; };
		4784743221B7879B0066E39E /* BoxOfficeAppTests.xctest */ = {isa = PBXFileReference; explicitFileType = wrapper.cfbundle; includeInIndex = 0; path = BoxOfficeAppTests.xctest; sourceTree = BUILT_PRODUCTS_DIR; };
		4784743621B7879B0066E39E /* BoxOfficeAppTests.swift */ = {isa = PBXFileReference; lastKnownFileType = sourcecode.swift; path = BoxOfficeAppTests.swift; sourceTree = "<group>"; };
		4784743821B7879B0066E39E /* Info.plist */ = {isa = PBXFileReference; lastKnownFileType = text.plist.xml; path = Info.plist; sourceTree = "<group>"; };
		4784743D21B7879B0066E39E /* BoxOfficeAppUITests.xctest */ = {isa = PBXFileReference; explicitFileType = wrapper.cfbundle; includeInIndex = 0; path = BoxOfficeAppUITests.xctest; sourceTree = BUILT_PRODUCTS_DIR; };
		4784744121B7879B0066E39E /* BoxOfficeAppUITests.swift */ = {isa = PBXFileReference; lastKnownFileType = sourcecode.swift; path = BoxOfficeAppUITests.swift; sourceTree = "<group>"; };
		4784744321B7879B0066E39E /* Info.plist */ = {isa = PBXFileReference; lastKnownFileType = text.plist.xml; path = Info.plist; sourceTree = "<group>"; };
		4784744F21B799FE0066E39E /* CollectionViewController.swift */ = {isa = PBXFileReference; lastKnownFileType = sourcecode.swift; path = CollectionViewController.swift; sourceTree = "<group>"; };
		47B88AE621BB978F00963FBC /* Movies.swift */ = {isa = PBXFileReference; lastKnownFileType = sourcecode.swift; path = Movies.swift; sourceTree = "<group>"; };
		47B88AE921BB97AB00963FBC /* MovieEvaluation.swift */ = {isa = PBXFileReference; lastKnownFileType = sourcecode.swift; path = MovieEvaluation.swift; sourceTree = "<group>"; };
		47B88AEB21BB97D600963FBC /* Movie.swift */ = {isa = PBXFileReference; lastKnownFileType = sourcecode.swift; path = Movie.swift; sourceTree = "<group>"; };
		47B88AED21BBA2B600963FBC /* CollectionViewCell.swift */ = {isa = PBXFileReference; lastKnownFileType = sourcecode.swift; path = CollectionViewCell.swift; sourceTree = "<group>"; };
		47B88AF121BCE91C00963FBC /* SortName.swift */ = {isa = PBXFileReference; lastKnownFileType = sourcecode.swift; path = SortName.swift; sourceTree = "<group>"; };
/* End PBXFileReference section */

/* Begin PBXFrameworksBuildPhase section */
		4784741B21B7879A0066E39E /* Frameworks */ = {
			isa = PBXFrameworksBuildPhase;
			buildActionMask = 2147483647;
			files = (
			);
			runOnlyForDeploymentPostprocessing = 0;
		};
		4784742F21B7879B0066E39E /* Frameworks */ = {
			isa = PBXFrameworksBuildPhase;
			buildActionMask = 2147483647;
			files = (
			);
			runOnlyForDeploymentPostprocessing = 0;
		};
		4784743A21B7879B0066E39E /* Frameworks */ = {
			isa = PBXFrameworksBuildPhase;
			buildActionMask = 2147483647;
			files = (
			);
			runOnlyForDeploymentPostprocessing = 0;
		};
/* End PBXFrameworksBuildPhase section */

/* Begin PBXGroup section */
		4784741521B7879A0066E39E = {
			isa = PBXGroup;
			children = (
				4784742021B7879A0066E39E /* BoxOfficeApp */,
				4784743521B7879B0066E39E /* BoxOfficeAppTests */,
				4784744021B7879B0066E39E /* BoxOfficeAppUITests */,
				4784741F21B7879A0066E39E /* Products */,
			);
			sourceTree = "<group>";
		};
		4784741F21B7879A0066E39E /* Products */ = {
			isa = PBXGroup;
			children = (
				4784741E21B7879A0066E39E /* BoxOfficeApp.app */,
				4784743221B7879B0066E39E /* BoxOfficeAppTests.xctest */,
				4784743D21B7879B0066E39E /* BoxOfficeAppUITests.xctest */,
			);
			name = Products;
			sourceTree = "<group>";
		};
		4784742021B7879A0066E39E /* BoxOfficeApp */ = {
			isa = PBXGroup;
			children = (
				47B88AE821BB979B00963FBC /* Model */,
				4784742121B7879A0066E39E /* AppDelegate.swift */,
				4784742321B7879A0066E39E /* TableViewController.swift */,
				47B88AF121BCE91C00963FBC /* SortName.swift */,
				477CDDF221B80E8500C378E3 /* TableViewCell.swift */,
				47B88AED21BBA2B600963FBC /* CollectionViewCell.swift */,
				4784744F21B799FE0066E39E /* CollectionViewController.swift */,
				4784742521B7879A0066E39E /* Main.storyboard */,
				4784742821B7879B0066E39E /* Assets.xcassets */,
				4784742A21B7879B0066E39E /* LaunchScreen.storyboard */,
				4784742D21B7879B0066E39E /* Info.plist */,
			);
			path = BoxOfficeApp;
			sourceTree = "<group>";
		};
		4784743521B7879B0066E39E /* BoxOfficeAppTests */ = {
			isa = PBXGroup;
			children = (
				4784743621B7879B0066E39E /* BoxOfficeAppTests.swift */,
				4784743821B7879B0066E39E /* Info.plist */,
			);
			path = BoxOfficeAppTests;
			sourceTree = "<group>";
		};
		4784744021B7879B0066E39E /* BoxOfficeAppUITests */ = {
			isa = PBXGroup;
			children = (
				4784744121B7879B0066E39E /* BoxOfficeAppUITests.swift */,
				4784744321B7879B0066E39E /* Info.plist */,
			);
			path = BoxOfficeAppUITests;
			sourceTree = "<group>";
		};
		47B88AE821BB979B00963FBC /* Model */ = {
			isa = PBXGroup;
			children = (
				47B88AE621BB978F00963FBC /* Movies.swift */,
				47B88AEB21BB97D600963FBC /* Movie.swift */,
				47B88AE921BB97AB00963FBC /* MovieEvaluation.swift */,
			);
			path = Model;
			sourceTree = "<group>";
		};
/* End PBXGroup section */

/* Begin PBXNativeTarget section */
		4784741D21B7879A0066E39E /* BoxOfficeApp */ = {
			isa = PBXNativeTarget;
			buildConfigurationList = 4784744621B7879B0066E39E /* Build configuration list for PBXNativeTarget "BoxOfficeApp" */;
			buildPhases = (
				4784741A21B7879A0066E39E /* Sources */,
				4784741B21B7879A0066E39E /* Frameworks */,
				4784741C21B7879A0066E39E /* Resources */,
			);
			buildRules = (
			);
			dependencies = (
			);
			name = BoxOfficeApp;
			productName = BoxOfficeApp;
			productReference = 4784741E21B7879A0066E39E /* BoxOfficeApp.app */;
			productType = "com.apple.product-type.application";
		};
		4784743121B7879B0066E39E /* BoxOfficeAppTests */ = {
			isa = PBXNativeTarget;
			buildConfigurationList = 4784744921B7879B0066E39E /* Build configuration list for PBXNativeTarget "BoxOfficeAppTests" */;
			buildPhases = (
				4784742E21B7879B0066E39E /* Sources */,
				4784742F21B7879B0066E39E /* Frameworks */,
				4784743021B7879B0066E39E /* Resources */,
			);
			buildRules = (
			);
			dependencies = (
				4784743421B7879B0066E39E /* PBXTargetDependency */,
			);
			name = BoxOfficeAppTests;
			productName = BoxOfficeAppTests;
			productReference = 4784743221B7879B0066E39E /* BoxOfficeAppTests.xctest */;
			productType = "com.apple.product-type.bundle.unit-test";
		};
		4784743C21B7879B0066E39E /* BoxOfficeAppUITests */ = {
			isa = PBXNativeTarget;
			buildConfigurationList = 4784744C21B7879B0066E39E /* Build configuration list for PBXNativeTarget "BoxOfficeAppUITests" */;
			buildPhases = (
				4784743921B7879B0066E39E /* Sources */,
				4784743A21B7879B0066E39E /* Frameworks */,
				4784743B21B7879B0066E39E /* Resources */,
			);
			buildRules = (
			);
			dependencies = (
				4784743F21B7879B0066E39E /* PBXTargetDependency */,
			);
			name = BoxOfficeAppUITests;
			productName = BoxOfficeAppUITests;
			productReference = 4784743D21B7879B0066E39E /* BoxOfficeAppUITests.xctest */;
			productType = "com.apple.product-type.bundle.ui-testing";
		};
/* End PBXNativeTarget section */

/* Begin PBXProject section */
		4784741621B7879A0066E39E /* Project object */ = {
			isa = PBXProject;
			attributes = {
				LastSwiftUpdateCheck = 1010;
				LastUpgradeCheck = 1010;
				ORGANIZATIONNAME = oingbong;
				TargetAttributes = {
					4784741D21B7879A0066E39E = {
						CreatedOnToolsVersion = 10.1;
					};
					4784743121B7879B0066E39E = {
						CreatedOnToolsVersion = 10.1;
						TestTargetID = 4784741D21B7879A0066E39E;
					};
					4784743C21B7879B0066E39E = {
						CreatedOnToolsVersion = 10.1;
						TestTargetID = 4784741D21B7879A0066E39E;
					};
				};
			};
			buildConfigurationList = 4784741921B7879A0066E39E /* Build configuration list for PBXProject "BoxOfficeApp" */;
			compatibilityVersion = "Xcode 9.3";
			developmentRegion = en;
			hasScannedForEncodings = 0;
			knownRegions = (
				en,
				Base,
			);
			mainGroup = 4784741521B7879A0066E39E;
			productRefGroup = 4784741F21B7879A0066E39E /* Products */;
			projectDirPath = "";
			projectRoot = "";
			targets = (
				4784741D21B7879A0066E39E /* BoxOfficeApp */,
				4784743121B7879B0066E39E /* BoxOfficeAppTests */,
				4784743C21B7879B0066E39E /* BoxOfficeAppUITests */,
			);
		};
/* End PBXProject section */

/* Begin PBXResourcesBuildPhase section */
		4784741C21B7879A0066E39E /* Resources */ = {
			isa = PBXResourcesBuildPhase;
			buildActionMask = 2147483647;
			files = (
				4784742C21B7879B0066E39E /* LaunchScreen.storyboard in Resources */,
				4784742921B7879B0066E39E /* Assets.xcassets in Resources */,
				4784742721B7879A0066E39E /* Main.storyboard in Resources */,
			);
			runOnlyForDeploymentPostprocessing = 0;
		};
		4784743021B7879B0066E39E /* Resources */ = {
			isa = PBXResourcesBuildPhase;
			buildActionMask = 2147483647;
			files = (
			);
			runOnlyForDeploymentPostprocessing = 0;
		};
		4784743B21B7879B0066E39E /* Resources */ = {
			isa = PBXResourcesBuildPhase;
			buildActionMask = 2147483647;
			files = (
			);
			runOnlyForDeploymentPostprocessing = 0;
		};
/* End PBXResourcesBuildPhase section */

/* Begin PBXSourcesBuildPhase section */
		4784741A21B7879A0066E39E /* Sources */ = {
			isa = PBXSourcesBuildPhase;
			buildActionMask = 2147483647;
			files = (
				47B88AEC21BB97D600963FBC /* Movie.swift in Sources */,
				4784745021B799FE0066E39E /* CollectionViewController.swift in Sources */,
				47B88AEE21BBA2B600963FBC /* CollectionViewCell.swift in Sources */,
				477CDDF321B80E8500C378E3 /* TableViewCell.swift in Sources */,
				47B88AF221BCE91C00963FBC /* SortName.swift in Sources */,
				47B88AE721BB978F00963FBC /* Movies.swift in Sources */,
				4784742421B7879A0066E39E /* TableViewController.swift in Sources */,
				4784742221B7879A0066E39E /* AppDelegate.swift in Sources */,
				47B88AEA21BB97AB00963FBC /* MovieEvaluation.swift in Sources */,
			);
			runOnlyForDeploymentPostprocessing = 0;
		};
		4784742E21B7879B0066E39E /* Sources */ = {
			isa = PBXSourcesBuildPhase;
			buildActionMask = 2147483647;
			files = (
				4784743721B7879B0066E39E /* BoxOfficeAppTests.swift in Sources */,
			);
			runOnlyForDeploymentPostprocessing = 0;
		};
		4784743921B7879B0066E39E /* Sources */ = {
			isa = PBXSourcesBuildPhase;
			buildActionMask = 2147483647;
			files = (
				4784744221B7879B0066E39E /* BoxOfficeAppUITests.swift in Sources */,
			);
			runOnlyForDeploymentPostprocessing = 0;
		};
/* End PBXSourcesBuildPhase section */

/* Begin PBXTargetDependency section */
		4784743421B7879B0066E39E /* PBXTargetDependency */ = {
			isa = PBXTargetDependency;
			target = 4784741D21B7879A0066E39E /* BoxOfficeApp */;
			targetProxy = 4784743321B7879B0066E39E /* PBXContainerItemProxy */;
		};
		4784743F21B7879B0066E39E /* PBXTargetDependency */ = {
			isa = PBXTargetDependency;
			target = 4784741D21B7879A0066E39E /* BoxOfficeApp */;
			targetProxy = 4784743E21B7879B0066E39E /* PBXContainerItemProxy */;
		};
/* End PBXTargetDependency section */

/* Begin PBXVariantGroup section */
		4784742521B7879A0066E39E /* Main.storyboard */ = {
			isa = PBXVariantGroup;
			children = (
				4784742621B7879A0066E39E /* Base */,
			);
			name = Main.storyboard;
			sourceTree = "<group>";
		};
		4784742A21B7879B0066E39E /* LaunchScreen.storyboard */ = {
			isa = PBXVariantGroup;
			children = (
				4784742B21B7879B0066E39E /* Base */,
			);
			name = LaunchScreen.storyboard;
			sourceTree = "<group>";
		};
/* End PBXVariantGroup section */

/* Begin XCBuildConfiguration section */
		4784744421B7879B0066E39E /* Debug */ = {
			isa = XCBuildConfiguration;
			buildSettings = {
				ALWAYS_SEARCH_USER_PATHS = NO;
				CLANG_ANALYZER_NONNULL = YES;
				CLANG_ANALYZER_NUMBER_OBJECT_CONVERSION = YES_AGGRESSIVE;
				CLANG_CXX_LANGUAGE_STANDARD = "gnu++14";
				CLANG_CXX_LIBRARY = "libc++";
				CLANG_ENABLE_MODULES = YES;
				CLANG_ENABLE_OBJC_ARC = YES;
				CLANG_ENABLE_OBJC_WEAK = YES;
				CLANG_WARN_BLOCK_CAPTURE_AUTORELEASING = YES;
				CLANG_WARN_BOOL_CONVERSION = YES;
				CLANG_WARN_COMMA = YES;
				CLANG_WARN_CONSTANT_CONVERSION = YES;
				CLANG_WARN_DEPRECATED_OBJC_IMPLEMENTATIONS = YES;
				CLANG_WARN_DIRECT_OBJC_ISA_USAGE = YES_ERROR;
				CLANG_WARN_DOCUMENTATION_COMMENTS = YES;
				CLANG_WARN_EMPTY_BODY = YES;
				CLANG_WARN_ENUM_CONVERSION = YES;
				CLANG_WARN_INFINITE_RECURSION = YES;
				CLANG_WARN_INT_CONVERSION = YES;
				CLANG_WARN_NON_LITERAL_NULL_CONVERSION = YES;
				CLANG_WARN_OBJC_IMPLICIT_RETAIN_SELF = YES;
				CLANG_WARN_OBJC_LITERAL_CONVERSION = YES;
				CLANG_WARN_OBJC_ROOT_CLASS = YES_ERROR;
				CLANG_WARN_RANGE_LOOP_ANALYSIS = YES;
				CLANG_WARN_STRICT_PROTOTYPES = YES;
				CLANG_WARN_SUSPICIOUS_MOVE = YES;
				CLANG_WARN_UNGUARDED_AVAILABILITY = YES_AGGRESSIVE;
				CLANG_WARN_UNREACHABLE_CODE = YES;
				CLANG_WARN__DUPLICATE_METHOD_MATCH = YES;
				CODE_SIGN_IDENTITY = "iPhone Developer";
				COPY_PHASE_STRIP = NO;
				DEBUG_INFORMATION_FORMAT = dwarf;
				ENABLE_STRICT_OBJC_MSGSEND = YES;
				ENABLE_TESTABILITY = YES;
				GCC_C_LANGUAGE_STANDARD = gnu11;
				GCC_DYNAMIC_NO_PIC = NO;
				GCC_NO_COMMON_BLOCKS = YES;
				GCC_OPTIMIZATION_LEVEL = 0;
				GCC_PREPROCESSOR_DEFINITIONS = (
					"DEBUG=1",
					"$(inherited)",
				);
				GCC_WARN_64_TO_32_BIT_CONVERSION = YES;
				GCC_WARN_ABOUT_RETURN_TYPE = YES_ERROR;
				GCC_WARN_UNDECLARED_SELECTOR = YES;
				GCC_WARN_UNINITIALIZED_AUTOS = YES_AGGRESSIVE;
				GCC_WARN_UNUSED_FUNCTION = YES;
				GCC_WARN_UNUSED_VARIABLE = YES;
				IPHONEOS_DEPLOYMENT_TARGET = 12.1;
				MTL_ENABLE_DEBUG_INFO = INCLUDE_SOURCE;
				MTL_FAST_MATH = YES;
				ONLY_ACTIVE_ARCH = YES;
				SDKROOT = iphoneos;
				SWIFT_ACTIVE_COMPILATION_CONDITIONS = DEBUG;
				SWIFT_OPTIMIZATION_LEVEL = "-Onone";
			};
			name = Debug;
		};
		4784744521B7879B0066E39E /* Release */ = {
			isa = XCBuildConfiguration;
			buildSettings = {
				ALWAYS_SEARCH_USER_PATHS = NO;
				CLANG_ANALYZER_NONNULL = YES;
				CLANG_ANALYZER_NUMBER_OBJECT_CONVERSION = YES_AGGRESSIVE;
				CLANG_CXX_LANGUAGE_STANDARD = "gnu++14";
				CLANG_CXX_LIBRARY = "libc++";
				CLANG_ENABLE_MODULES = YES;
				CLANG_ENABLE_OBJC_ARC = YES;
				CLANG_ENABLE_OBJC_WEAK = YES;
				CLANG_WARN_BLOCK_CAPTURE_AUTORELEASING = YES;
				CLANG_WARN_BOOL_CONVERSION = YES;
				CLANG_WARN_COMMA = YES;
				CLANG_WARN_CONSTANT_CONVERSION = YES;
				CLANG_WARN_DEPRECATED_OBJC_IMPLEMENTATIONS = YES;
				CLANG_WARN_DIRECT_OBJC_ISA_USAGE = YES_ERROR;
				CLANG_WARN_DOCUMENTATION_COMMENTS = YES;
				CLANG_WARN_EMPTY_BODY = YES;
				CLANG_WARN_ENUM_CONVERSION = YES;
				CLANG_WARN_INFINITE_RECURSION = YES;
				CLANG_WARN_INT_CONVERSION = YES;
				CLANG_WARN_NON_LITERAL_NULL_CONVERSION = YES;
				CLANG_WARN_OBJC_IMPLICIT_RETAIN_SELF = YES;
				CLANG_WARN_OBJC_LITERAL_CONVERSION = YES;
				CLANG_WARN_OBJC_ROOT_CLASS = YES_ERROR;
				CLANG_WARN_RANGE_LOOP_ANALYSIS = YES;
				CLANG_WARN_STRICT_PROTOTYPES = YES;
				CLANG_WARN_SUSPICIOUS_MOVE = YES;
				CLANG_WARN_UNGUARDED_AVAILABILITY = YES_AGGRESSIVE;
				CLANG_WARN_UNREACHABLE_CODE = YES;
				CLANG_WARN__DUPLICATE_METHOD_MATCH = YES;
				CODE_SIGN_IDENTITY = "iPhone Developer";
				COPY_PHASE_STRIP = NO;
				DEBUG_INFORMATION_FORMAT = "dwarf-with-dsym";
				ENABLE_NS_ASSERTIONS = NO;
				ENABLE_STRICT_OBJC_MSGSEND = YES;
				GCC_C_LANGUAGE_STANDARD = gnu11;
				GCC_NO_COMMON_BLOCKS = YES;
				GCC_WARN_64_TO_32_BIT_CONVERSION = YES;
				GCC_WARN_ABOUT_RETURN_TYPE = YES_ERROR;
				GCC_WARN_UNDECLARED_SELECTOR = YES;
				GCC_WARN_UNINITIALIZED_AUTOS = YES_AGGRESSIVE;
				GCC_WARN_UNUSED_FUNCTION = YES;
				GCC_WARN_UNUSED_VARIABLE = YES;
				IPHONEOS_DEPLOYMENT_TARGET = 12.1;
				MTL_ENABLE_DEBUG_INFO = NO;
				MTL_FAST_MATH = YES;
				SDKROOT = iphoneos;
				SWIFT_COMPILATION_MODE = wholemodule;
				SWIFT_OPTIMIZATION_LEVEL = "-O";
				VALIDATE_PRODUCT = YES;
			};
			name = Release;
		};
		4784744721B7879B0066E39E /* Debug */ = {
			isa = XCBuildConfiguration;
			buildSettings = {
				ASSETCATALOG_COMPILER_APPICON_NAME = AppIcon;
				CODE_SIGN_STYLE = Automatic;
				DEVELOPMENT_TEAM = B3PWYBKFUK;
				INFOPLIST_FILE = BoxOfficeApp/Info.plist;
				IPHONEOS_DEPLOYMENT_TARGET = 12.0;
				LD_RUNPATH_SEARCH_PATHS = (
					"$(inherited)",
					"@executable_path/Frameworks",
				);
				PRODUCT_BUNDLE_IDENTIFIER = oingbong.BoxOfficeApp;
				PRODUCT_NAME = "$(TARGET_NAME)";
				SWIFT_VERSION = 4.2;
				TARGETED_DEVICE_FAMILY = "1,2";
			};
			name = Debug;
		};
		4784744821B7879B0066E39E /* Release */ = {
			isa = XCBuildConfiguration;
			buildSettings = {
				ASSETCATALOG_COMPILER_APPICON_NAME = AppIcon;
				CODE_SIGN_STYLE = Automatic;
				DEVELOPMENT_TEAM = B3PWYBKFUK;
				INFOPLIST_FILE = BoxOfficeApp/Info.plist;
				IPHONEOS_DEPLOYMENT_TARGET = 12.0;
				LD_RUNPATH_SEARCH_PATHS = (
					"$(inherited)",
					"@executable_path/Frameworks",
				);
				PRODUCT_BUNDLE_IDENTIFIER = oingbong.BoxOfficeApp;
				PRODUCT_NAME = "$(TARGET_NAME)";
				SWIFT_VERSION = 4.2;
				TARGETED_DEVICE_FAMILY = "1,2";
			};
			name = Release;
		};
		4784744A21B7879B0066E39E /* Debug */ = {
			isa = XCBuildConfiguration;
			buildSettings = {
				ALWAYS_EMBED_SWIFT_STANDARD_LIBRARIES = YES;
				BUNDLE_LOADER = "$(TEST_HOST)";
				CODE_SIGN_STYLE = Automatic;
				INFOPLIST_FILE = BoxOfficeAppTests/Info.plist;
				LD_RUNPATH_SEARCH_PATHS = (
					"$(inherited)",
					"@executable_path/Frameworks",
					"@loader_path/Frameworks",
				);
				PRODUCT_BUNDLE_IDENTIFIER = oingbong.BoxOfficeAppTests;
				PRODUCT_NAME = "$(TARGET_NAME)";
				SWIFT_VERSION = 4.2;
				TARGETED_DEVICE_FAMILY = "1,2";
				TEST_HOST = "$(BUILT_PRODUCTS_DIR)/BoxOfficeApp.app/BoxOfficeApp";
			};
			name = Debug;
		};
		4784744B21B7879B0066E39E /* Release */ = {
			isa = XCBuildConfiguration;
			buildSettings = {
				ALWAYS_EMBED_SWIFT_STANDARD_LIBRARIES = YES;
				BUNDLE_LOADER = "$(TEST_HOST)";
				CODE_SIGN_STYLE = Automatic;
				INFOPLIST_FILE = BoxOfficeAppTests/Info.plist;
				LD_RUNPATH_SEARCH_PATHS = (
					"$(inherited)",
					"@executable_path/Frameworks",
					"@loader_path/Frameworks",
				);
				PRODUCT_BUNDLE_IDENTIFIER = oingbong.BoxOfficeAppTests;
				PRODUCT_NAME = "$(TARGET_NAME)";
				SWIFT_VERSION = 4.2;
				TARGETED_DEVICE_FAMILY = "1,2";
				TEST_HOST = "$(BUILT_PRODUCTS_DIR)/BoxOfficeApp.app/BoxOfficeApp";
			};
			name = Release;
		};
		4784744D21B7879B0066E39E /* Debug */ = {
			isa = XCBuildConfiguration;
			buildSettings = {
				ALWAYS_EMBED_SWIFT_STANDARD_LIBRARIES = YES;
				CODE_SIGN_STYLE = Automatic;
				INFOPLIST_FILE = BoxOfficeAppUITests/Info.plist;
				LD_RUNPATH_SEARCH_PATHS = (
					"$(inherited)",
					"@executable_path/Frameworks",
					"@loader_path/Frameworks",
				);
				PRODUCT_BUNDLE_IDENTIFIER = oingbong.BoxOfficeAppUITests;
				PRODUCT_NAME = "$(TARGET_NAME)";
				SWIFT_VERSION = 4.2;
				TARGETED_DEVICE_FAMILY = "1,2";
				TEST_TARGET_NAME = BoxOfficeApp;
			};
			name = Debug;
		};
		4784744E21B7879B0066E39E /* Release */ = {
			isa = XCBuildConfiguration;
			buildSettings = {
				ALWAYS_EMBED_SWIFT_STANDARD_LIBRARIES = YES;
				CODE_SIGN_STYLE = Automatic;
				INFOPLIST_FILE = BoxOfficeAppUITests/Info.plist;
				LD_RUNPATH_SEARCH_PATHS = (
					"$(inherited)",
					"@executable_path/Frameworks",
					"@loader_path/Frameworks",
				);
				PRODUCT_BUNDLE_IDENTIFIER = oingbong.BoxOfficeAppUITests;
				PRODUCT_NAME = "$(TARGET_NAME)";
				SWIFT_VERSION = 4.2;
				TARGETED_DEVICE_FAMILY = "1,2";
				TEST_TARGET_NAME = BoxOfficeApp;
			};
			name = Release;
		};
/* End XCBuildConfiguration section */

/* Begin XCConfigurationList section */
		4784741921B7879A0066E39E /* Build configuration list for PBXProject "BoxOfficeApp" */ = {
			isa = XCConfigurationList;
			buildConfigurations = (
				4784744421B7879B0066E39E /* Debug */,
				4784744521B7879B0066E39E /* Release */,
			);
			defaultConfigurationIsVisible = 0;
			defaultConfigurationName = Release;
		};
		4784744621B7879B0066E39E /* Build configuration list for PBXNativeTarget "BoxOfficeApp" */ = {
			isa = XCConfigurationList;
			buildConfigurations = (
				4784744721B7879B0066E39E /* Debug */,
				4784744821B7879B0066E39E /* Release */,
			);
			defaultConfigurationIsVisible = 0;
			defaultConfigurationName = Release;
		};
		4784744921B7879B0066E39E /* Build configuration list for PBXNativeTarget "BoxOfficeAppTests" */ = {
			isa = XCConfigurationList;
			buildConfigurations = (
				4784744A21B7879B0066E39E /* Debug */,
				4784744B21B7879B0066E39E /* Release */,
			);
			defaultConfigurationIsVisible = 0;
			defaultConfigurationName = Release;
		};
		4784744C21B7879B0066E39E /* Build configuration list for PBXNativeTarget "BoxOfficeAppUITests" */ = {
			isa = XCConfigurationList;
			buildConfigurations = (
				4784744D21B7879B0066E39E /* Debug */,
				4784744E21B7879B0066E39E /* Release */,
			);
			defaultConfigurationIsVisible = 0;
			defaultConfigurationName = Release;
		};
/* End XCConfigurationList section */
	};
	rootObject = 4784741621B7879A0066E39E /* Project object */;
}
